// !$*UTF8*$!
{
	archiveVersion = 1;
	classes = {
	};
	objectVersion = 55;
	objects = {

/* Begin PBXBuildFile section */
		606D196EFB8E220B4553FC5B /* Pods_Flix.framework in Frameworks */ = {isa = PBXBuildFile; fileRef = 8C13DE0D37809AB8F69B1A94 /* Pods_Flix.framework */; };
		695BCE0427A0A11000C38D08 /* AppDelegate.swift in Sources */ = {isa = PBXBuildFile; fileRef = 695BCE0327A0A11000C38D08 /* AppDelegate.swift */; };
		695BCE0627A0A11000C38D08 /* SceneDelegate.swift in Sources */ = {isa = PBXBuildFile; fileRef = 695BCE0527A0A11000C38D08 /* SceneDelegate.swift */; };
		695BCE0827A0A11000C38D08 /* ViewController.swift in Sources */ = {isa = PBXBuildFile; fileRef = 695BCE0727A0A11000C38D08 /* ViewController.swift */; };
		695BCE0B27A0A11000C38D08 /* Main.storyboard in Resources */ = {isa = PBXBuildFile; fileRef = 695BCE0927A0A11000C38D08 /* Main.storyboard */; };
		695BCE0D27A0A11100C38D08 /* Assets.xcassets in Resources */ = {isa = PBXBuildFile; fileRef = 695BCE0C27A0A11100C38D08 /* Assets.xcassets */; };
		695BCE1027A0A11100C38D08 /* LaunchScreen.storyboard in Resources */ = {isa = PBXBuildFile; fileRef = 695BCE0E27A0A11100C38D08 /* LaunchScreen.storyboard */; };
		695BCE1B27A0A11100C38D08 /* FlixTests.swift in Sources */ = {isa = PBXBuildFile; fileRef = 695BCE1A27A0A11100C38D08 /* FlixTests.swift */; };
		695BCE2527A0A11100C38D08 /* FlixUITests.swift in Sources */ = {isa = PBXBuildFile; fileRef = 695BCE2427A0A11100C38D08 /* FlixUITests.swift */; };
		695BCE2727A0A11100C38D08 /* FlixUITestsLaunchTests.swift in Sources */ = {isa = PBXBuildFile; fileRef = 695BCE2627A0A11100C38D08 /* FlixUITestsLaunchTests.swift */; };
		695BCE3427A1DABE00C38D08 /* MovieCell.swift in Sources */ = {isa = PBXBuildFile; fileRef = 695BCE3327A1DABE00C38D08 /* MovieCell.swift */; };
		695BCE3727A1E46900C38D08 /* AlamofireImage in Frameworks */ = {isa = PBXBuildFile; productRef = 695BCE3627A1E46900C38D08 /* AlamofireImage */; };
		78E105B51F1760CFC3D28EFE /* Pods_FlixTests.framework in Frameworks */ = {isa = PBXBuildFile; fileRef = 6C0D966EF463FD44F3E68282 /* Pods_FlixTests.framework */; };
		A9AA4DA4E5BB687EF60542E9 /* Pods_Flix_FlixUITests.framework in Frameworks */ = {isa = PBXBuildFile; fileRef = D3462E38A8D299AF5D2A7D43 /* Pods_Flix_FlixUITests.framework */; };
/* End PBXBuildFile section */

/* Begin PBXContainerItemProxy section */
		695BCE1727A0A11100C38D08 /* PBXContainerItemProxy */ = {
			isa = PBXContainerItemProxy;
			containerPortal = 695BCDF827A0A11000C38D08 /* Project object */;
			proxyType = 1;
			remoteGlobalIDString = 695BCDFF27A0A11000C38D08;
			remoteInfo = Flix;
		};
		695BCE2127A0A11100C38D08 /* PBXContainerItemProxy */ = {
			isa = PBXContainerItemProxy;
			containerPortal = 695BCDF827A0A11000C38D08 /* Project object */;
			proxyType = 1;
			remoteGlobalIDString = 695BCDFF27A0A11000C38D08;
			remoteInfo = Flix;
		};
/* End PBXContainerItemProxy section */

/* Begin PBXFileReference section */
		280EEB7493E7C553B45BB6BE /* Pods-Flix.debug.xcconfig */ = {isa = PBXFileReference; includeInIndex = 1; lastKnownFileType = text.xcconfig; name = "Pods-Flix.debug.xcconfig"; path = "Target Support Files/Pods-Flix/Pods-Flix.debug.xcconfig"; sourceTree = "<group>"; };
		328C204F8A6C04D9621781BA /* Pods-Flix-FlixUITests.release.xcconfig */ = {isa = PBXFileReference; includeInIndex = 1; lastKnownFileType = text.xcconfig; name = "Pods-Flix-FlixUITests.release.xcconfig"; path = "Target Support Files/Pods-Flix-FlixUITests/Pods-Flix-FlixUITests.release.xcconfig"; sourceTree = "<group>"; };
		401BCFE0C797BCC8D9982578 /* Pods-FlixTests.debug.xcconfig */ = {isa = PBXFileReference; includeInIndex = 1; lastKnownFileType = text.xcconfig; name = "Pods-FlixTests.debug.xcconfig"; path = "Target Support Files/Pods-FlixTests/Pods-FlixTests.debug.xcconfig"; sourceTree = "<group>"; };
		695BCE0027A0A11000C38D08 /* Flix.app */ = {isa = PBXFileReference; explicitFileType = wrapper.application; includeInIndex = 0; path = Flix.app; sourceTree = BUILT_PRODUCTS_DIR; };
		695BCE0327A0A11000C38D08 /* AppDelegate.swift */ = {isa = PBXFileReference; lastKnownFileType = sourcecode.swift; path = AppDelegate.swift; sourceTree = "<group>"; };
		695BCE0527A0A11000C38D08 /* SceneDelegate.swift */ = {isa = PBXFileReference; lastKnownFileType = sourcecode.swift; path = SceneDelegate.swift; sourceTree = "<group>"; };
		695BCE0727A0A11000C38D08 /* ViewController.swift */ = {isa = PBXFileReference; lastKnownFileType = sourcecode.swift; path = ViewController.swift; sourceTree = "<group>"; };
		695BCE0A27A0A11000C38D08 /* Base */ = {isa = PBXFileReference; lastKnownFileType = file.storyboard; name = Base; path = Base.lproj/Main.storyboard; sourceTree = "<group>"; };
		695BCE0C27A0A11100C38D08 /* Assets.xcassets */ = {isa = PBXFileReference; lastKnownFileType = folder.assetcatalog; path = Assets.xcassets; sourceTree = "<group>"; };
		695BCE0F27A0A11100C38D08 /* Base */ = {isa = PBXFileReference; lastKnownFileType = file.storyboard; name = Base; path = Base.lproj/LaunchScreen.storyboard; sourceTree = "<group>"; };
		695BCE1127A0A11100C38D08 /* Info.plist */ = {isa = PBXFileReference; lastKnownFileType = text.plist.xml; path = Info.plist; sourceTree = "<group>"; };
		695BCE1627A0A11100C38D08 /* FlixTests.xctest */ = {isa = PBXFileReference; explicitFileType = wrapper.cfbundle; includeInIndex = 0; path = FlixTests.xctest; sourceTree = BUILT_PRODUCTS_DIR; };
		695BCE1A27A0A11100C38D08 /* FlixTests.swift */ = {isa = PBXFileReference; lastKnownFileType = sourcecode.swift; path = FlixTests.swift; sourceTree = "<group>"; };
		695BCE2027A0A11100C38D08 /* FlixUITests.xctest */ = {isa = PBXFileReference; explicitFileType = wrapper.cfbundle; includeInIndex = 0; path = FlixUITests.xctest; sourceTree = BUILT_PRODUCTS_DIR; };
		695BCE2427A0A11100C38D08 /* FlixUITests.swift */ = {isa = PBXFileReference; lastKnownFileType = sourcecode.swift; path = FlixUITests.swift; sourceTree = "<group>"; };
		695BCE2627A0A11100C38D08 /* FlixUITestsLaunchTests.swift */ = {isa = PBXFileReference; lastKnownFileType = sourcecode.swift; path = FlixUITestsLaunchTests.swift; sourceTree = "<group>"; };
		695BCE3327A1DABE00C38D08 /* MovieCell.swift */ = {isa = PBXFileReference; lastKnownFileType = sourcecode.swift; path = MovieCell.swift; sourceTree = "<group>"; };
		6C0D966EF463FD44F3E68282 /* Pods_FlixTests.framework */ = {isa = PBXFileReference; explicitFileType = wrapper.framework; includeInIndex = 0; path = Pods_FlixTests.framework; sourceTree = BUILT_PRODUCTS_DIR; };
		8C13DE0D37809AB8F69B1A94 /* Pods_Flix.framework */ = {isa = PBXFileReference; explicitFileType = wrapper.framework; includeInIndex = 0; path = Pods_Flix.framework; sourceTree = BUILT_PRODUCTS_DIR; };
		ACC4D9A1146D3C6ACB1C44DC /* Pods-Flix-FlixUITests.debug.xcconfig */ = {isa = PBXFileReference; includeInIndex = 1; lastKnownFileType = text.xcconfig; name = "Pods-Flix-FlixUITests.debug.xcconfig"; path = "Target Support Files/Pods-Flix-FlixUITests/Pods-Flix-FlixUITests.debug.xcconfig"; sourceTree = "<group>"; };
		BEA741CE71B579A253DAA54B /* Pods-FlixTests.release.xcconfig */ = {isa = PBXFileReference; includeInIndex = 1; lastKnownFileType = text.xcconfig; name = "Pods-FlixTests.release.xcconfig"; path = "Target Support Files/Pods-FlixTests/Pods-FlixTests.release.xcconfig"; sourceTree = "<group>"; };
		D119512FFF1BE5DFEC291EF8 /* Pods-Flix.release.xcconfig */ = {isa = PBXFileReference; includeInIndex = 1; lastKnownFileType = text.xcconfig; name = "Pods-Flix.release.xcconfig"; path = "Target Support Files/Pods-Flix/Pods-Flix.release.xcconfig"; sourceTree = "<group>"; };
		D3462E38A8D299AF5D2A7D43 /* Pods_Flix_FlixUITests.framework */ = {isa = PBXFileReference; explicitFileType = wrapper.framework; includeInIndex = 0; path = Pods_Flix_FlixUITests.framework; sourceTree = BUILT_PRODUCTS_DIR; };
/* End PBXFileReference section */

/* Begin PBXFrameworksBuildPhase section */
		695BCDFD27A0A11000C38D08 /* Frameworks */ = {
			isa = PBXFrameworksBuildPhase;
			buildActionMask = 2147483647;
			files = (
				695BCE3727A1E46900C38D08 /* AlamofireImage in Frameworks */,
				606D196EFB8E220B4553FC5B /* Pods_Flix.framework in Frameworks */,
			);
			runOnlyForDeploymentPostprocessing = 0;
		};
		695BCE1327A0A11100C38D08 /* Frameworks */ = {
			isa = PBXFrameworksBuildPhase;
			buildActionMask = 2147483647;
			files = (
				78E105B51F1760CFC3D28EFE /* Pods_FlixTests.framework in Frameworks */,
			);
			runOnlyForDeploymentPostprocessing = 0;
		};
		695BCE1D27A0A11100C38D08 /* Frameworks */ = {
			isa = PBXFrameworksBuildPhase;
			buildActionMask = 2147483647;
			files = (
				A9AA4DA4E5BB687EF60542E9 /* Pods_Flix_FlixUITests.framework in Frameworks */,
			);
			runOnlyForDeploymentPostprocessing = 0;
		};
/* End PBXFrameworksBuildPhase section */

/* Begin PBXGroup section */
		06BD63F521306ACD9E181DFB /* Frameworks */ = {
			isa = PBXGroup;
			children = (
				8C13DE0D37809AB8F69B1A94 /* Pods_Flix.framework */,
				D3462E38A8D299AF5D2A7D43 /* Pods_Flix_FlixUITests.framework */,
				6C0D966EF463FD44F3E68282 /* Pods_FlixTests.framework */,
			);
			name = Frameworks;
			sourceTree = "<group>";
		};
		695BCDF727A0A11000C38D08 = {
			isa = PBXGroup;
			children = (
				695BCE0227A0A11000C38D08 /* Flix */,
				695BCE1927A0A11100C38D08 /* FlixTests */,
				695BCE2327A0A11100C38D08 /* FlixUITests */,
				695BCE0127A0A11000C38D08 /* Products */,
				78DC68DEF446AD725C85D21E /* Pods */,
				06BD63F521306ACD9E181DFB /* Frameworks */,
			);
			sourceTree = "<group>";
		};
		695BCE0127A0A11000C38D08 /* Products */ = {
			isa = PBXGroup;
			children = (
				695BCE0027A0A11000C38D08 /* Flix.app */,
				695BCE1627A0A11100C38D08 /* FlixTests.xctest */,
				695BCE2027A0A11100C38D08 /* FlixUITests.xctest */,
			);
			name = Products;
			sourceTree = "<group>";
		};
		695BCE0227A0A11000C38D08 /* Flix */ = {
			isa = PBXGroup;
			children = (
				695BCE0327A0A11000C38D08 /* AppDelegate.swift */,
				695BCE0527A0A11000C38D08 /* SceneDelegate.swift */,
				695BCE0727A0A11000C38D08 /* ViewController.swift */,
				695BCE0927A0A11000C38D08 /* Main.storyboard */,
				695BCE0C27A0A11100C38D08 /* Assets.xcassets */,
				695BCE0E27A0A11100C38D08 /* LaunchScreen.storyboard */,
				695BCE1127A0A11100C38D08 /* Info.plist */,
				695BCE3327A1DABE00C38D08 /* MovieCell.swift */,
			);
			path = Flix;
			sourceTree = "<group>";
		};
		695BCE1927A0A11100C38D08 /* FlixTests */ = {
			isa = PBXGroup;
			children = (
				695BCE1A27A0A11100C38D08 /* FlixTests.swift */,
			);
			path = FlixTests;
			sourceTree = "<group>";
		};
		695BCE2327A0A11100C38D08 /* FlixUITests */ = {
			isa = PBXGroup;
			children = (
				695BCE2427A0A11100C38D08 /* FlixUITests.swift */,
				695BCE2627A0A11100C38D08 /* FlixUITestsLaunchTests.swift */,
			);
			path = FlixUITests;
			sourceTree = "<group>";
		};
		78DC68DEF446AD725C85D21E /* Pods */ = {
			isa = PBXGroup;
			children = (
				280EEB7493E7C553B45BB6BE /* Pods-Flix.debug.xcconfig */,
				D119512FFF1BE5DFEC291EF8 /* Pods-Flix.release.xcconfig */,
				ACC4D9A1146D3C6ACB1C44DC /* Pods-Flix-FlixUITests.debug.xcconfig */,
				328C204F8A6C04D9621781BA /* Pods-Flix-FlixUITests.release.xcconfig */,
				401BCFE0C797BCC8D9982578 /* Pods-FlixTests.debug.xcconfig */,
				BEA741CE71B579A253DAA54B /* Pods-FlixTests.release.xcconfig */,
			);
			name = Pods;
			path = Pods;
			sourceTree = "<group>";
		};
/* End PBXGroup section */

/* Begin PBXNativeTarget section */
		695BCDFF27A0A11000C38D08 /* Flix */ = {
			isa = PBXNativeTarget;
			buildConfigurationList = 695BCE2A27A0A11100C38D08 /* Build configuration list for PBXNativeTarget "Flix" */;
			buildPhases = (
				3B305DF446FCECD54C47ABC9 /* [CP] Check Pods Manifest.lock */,
				695BCDFC27A0A11000C38D08 /* Sources */,
				695BCDFD27A0A11000C38D08 /* Frameworks */,
				695BCDFE27A0A11000C38D08 /* Resources */,
				A6AF362C68E4EEFED761C875 /* [CP] Embed Pods Frameworks */,
			);
			buildRules = (
			);
			dependencies = (
			);
			name = Flix;
			packageProductDependencies = (
				695BCE3627A1E46900C38D08 /* AlamofireImage */,
			);
			productName = Flix;
			productReference = 695BCE0027A0A11000C38D08 /* Flix.app */;
			productType = "com.apple.product-type.application";
		};
		695BCE1527A0A11100C38D08 /* FlixTests */ = {
			isa = PBXNativeTarget;
			buildConfigurationList = 695BCE2D27A0A11100C38D08 /* Build configuration list for PBXNativeTarget "FlixTests" */;
			buildPhases = (
				6BC8FB372526A8835E8CD688 /* [CP] Check Pods Manifest.lock */,
				695BCE1227A0A11100C38D08 /* Sources */,
				695BCE1327A0A11100C38D08 /* Frameworks */,
				695BCE1427A0A11100C38D08 /* Resources */,
			);
			buildRules = (
			);
			dependencies = (
				695BCE1827A0A11100C38D08 /* PBXTargetDependency */,
			);
			name = FlixTests;
			productName = FlixTests;
			productReference = 695BCE1627A0A11100C38D08 /* FlixTests.xctest */;
			productType = "com.apple.product-type.bundle.unit-test";
		};
		695BCE1F27A0A11100C38D08 /* FlixUITests */ = {
			isa = PBXNativeTarget;
			buildConfigurationList = 695BCE3027A0A11100C38D08 /* Build configuration list for PBXNativeTarget "FlixUITests" */;
			buildPhases = (
				3B4F528CF37519748BEA072D /* [CP] Check Pods Manifest.lock */,
				695BCE1C27A0A11100C38D08 /* Sources */,
				695BCE1D27A0A11100C38D08 /* Frameworks */,
				695BCE1E27A0A11100C38D08 /* Resources */,
				B26ED42FB9A0D8949520C68D /* [CP] Embed Pods Frameworks */,
			);
			buildRules = (
			);
			dependencies = (
				695BCE2227A0A11100C38D08 /* PBXTargetDependency */,
			);
			name = FlixUITests;
			productName = FlixUITests;
			productReference = 695BCE2027A0A11100C38D08 /* FlixUITests.xctest */;
			productType = "com.apple.product-type.bundle.ui-testing";
		};
/* End PBXNativeTarget section */

/* Begin PBXProject section */
		695BCDF827A0A11000C38D08 /* Project object */ = {
			isa = PBXProject;
			attributes = {
				BuildIndependentTargetsInParallel = 1;
				LastSwiftUpdateCheck = 1320;
				LastUpgradeCheck = 1320;
				TargetAttributes = {
					695BCDFF27A0A11000C38D08 = {
						CreatedOnToolsVersion = 13.2.1;
					};
					695BCE1527A0A11100C38D08 = {
						CreatedOnToolsVersion = 13.2.1;
						TestTargetID = 695BCDFF27A0A11000C38D08;
					};
					695BCE1F27A0A11100C38D08 = {
						CreatedOnToolsVersion = 13.2.1;
						TestTargetID = 695BCDFF27A0A11000C38D08;
					};
				};
			};
			buildConfigurationList = 695BCDFB27A0A11000C38D08 /* Build configuration list for PBXProject "Flix" */;
			compatibilityVersion = "Xcode 13.0";
			developmentRegion = en;
			hasScannedForEncodings = 0;
			knownRegions = (
				en,
				Base,
			);
			mainGroup = 695BCDF727A0A11000C38D08;
			packageReferences = (
				695BCE3527A1E46900C38D08 /* XCRemoteSwiftPackageReference "AlamofireImage" */,
			);
			productRefGroup = 695BCE0127A0A11000C38D08 /* Products */;
			projectDirPath = "";
			projectRoot = "";
			targets = (
				695BCDFF27A0A11000C38D08 /* Flix */,
				695BCE1527A0A11100C38D08 /* FlixTests */,
				695BCE1F27A0A11100C38D08 /* FlixUITests */,
			);
		};
/* End PBXProject section */

/* Begin PBXResourcesBuildPhase section */
		695BCDFE27A0A11000C38D08 /* Resources */ = {
			isa = PBXResourcesBuildPhase;
			buildActionMask = 2147483647;
			files = (
				695BCE1027A0A11100C38D08 /* LaunchScreen.storyboard in Resources */,
				695BCE0D27A0A11100C38D08 /* Assets.xcassets in Resources */,
				695BCE0B27A0A11000C38D08 /* Main.storyboard in Resources */,
			);
			runOnlyForDeploymentPostprocessing = 0;
		};
		695BCE1427A0A11100C38D08 /* Resources */ = {
			isa = PBXResourcesBuildPhase;
			buildActionMask = 2147483647;
			files = (
			);
			runOnlyForDeploymentPostprocessing = 0;
		};
		695BCE1E27A0A11100C38D08 /* Resources */ = {
			isa = PBXResourcesBuildPhase;
			buildActionMask = 2147483647;
			files = (
			);
			runOnlyForDeploymentPostprocessing = 0;
		};
/* End PBXResourcesBuildPhase section */

/* Begin PBXShellScriptBuildPhase section */
		3B305DF446FCECD54C47ABC9 /* [CP] Check Pods Manifest.lock */ = {
			isa = PBXShellScriptBuildPhase;
			buildActionMask = 2147483647;
			files = (
			);
			inputFileListPaths = (
			);
			inputPaths = (
				"${PODS_PODFILE_DIR_PATH}/Podfile.lock",
				"${PODS_ROOT}/Manifest.lock",
			);
			name = "[CP] Check Pods Manifest.lock";
			outputFileListPaths = (
			);
			outputPaths = (
				"$(DERIVED_FILE_DIR)/Pods-Flix-checkManifestLockResult.txt",
			);
			runOnlyForDeploymentPostprocessing = 0;
			shellPath = /bin/sh;
			shellScript = "diff \"${PODS_PODFILE_DIR_PATH}/Podfile.lock\" \"${PODS_ROOT}/Manifest.lock\" > /dev/null\nif [ $? != 0 ] ; then\n    # print error to STDERR\n    echo \"error: The sandbox is not in sync with the Podfile.lock. Run 'pod install' or update your CocoaPods installation.\" >&2\n    exit 1\nfi\n# This output is used by Xcode 'outputs' to avoid re-running this script phase.\necho \"SUCCESS\" > \"${SCRIPT_OUTPUT_FILE_0}\"\n";
			showEnvVarsInLog = 0;
		};
		3B4F528CF37519748BEA072D /* [CP] Check Pods Manifest.lock */ = {
			isa = PBXShellScriptBuildPhase;
			buildActionMask = 2147483647;
			files = (
			);
			inputFileListPaths = (
			);
			inputPaths = (
				"${PODS_PODFILE_DIR_PATH}/Podfile.lock",
				"${PODS_ROOT}/Manifest.lock",
			);
			name = "[CP] Check Pods Manifest.lock";
			outputFileListPaths = (
			);
			outputPaths = (
				"$(DERIVED_FILE_DIR)/Pods-Flix-FlixUITests-checkManifestLockResult.txt",
			);
			runOnlyForDeploymentPostprocessing = 0;
			shellPath = /bin/sh;
			shellScript = "diff \"${PODS_PODFILE_DIR_PATH}/Podfile.lock\" \"${PODS_ROOT}/Manifest.lock\" > /dev/null\nif [ $? != 0 ] ; then\n    # print error to STDERR\n    echo \"error: The sandbox is not in sync with the Podfile.lock. Run 'pod install' or update your CocoaPods installation.\" >&2\n    exit 1\nfi\n# This output is used by Xcode 'outputs' to avoid re-running this script phase.\necho \"SUCCESS\" > \"${SCRIPT_OUTPUT_FILE_0}\"\n";
			showEnvVarsInLog = 0;
		};
		6BC8FB372526A8835E8CD688 /* [CP] Check Pods Manifest.lock */ = {
			isa = PBXShellScriptBuildPhase;
			buildActionMask = 2147483647;
			files = (
			);
			inputFileListPaths = (
			);
			inputPaths = (
				"${PODS_PODFILE_DIR_PATH}/Podfile.lock",
				"${PODS_ROOT}/Manifest.lock",
			);
			name = "[CP] Check Pods Manifest.lock";
			outputFileListPaths = (
			);
			outputPaths = (
				"$(DERIVED_FILE_DIR)/Pods-FlixTests-checkManifestLockResult.txt",
			);
			runOnlyForDeploymentPostprocessing = 0;
			shellPath = /bin/sh;
			shellScript = "diff \"${PODS_PODFILE_DIR_PATH}/Podfile.lock\" \"${PODS_ROOT}/Manifest.lock\" > /dev/null\nif [ $? != 0 ] ; then\n    # print error to STDERR\n    echo \"error: The sandbox is not in sync with the Podfile.lock. Run 'pod install' or update your CocoaPods installation.\" >&2\n    exit 1\nfi\n# This output is used by Xcode 'outputs' to avoid re-running this script phase.\necho \"SUCCESS\" > \"${SCRIPT_OUTPUT_FILE_0}\"\n";
			showEnvVarsInLog = 0;
		};
		A6AF362C68E4EEFED761C875 /* [CP] Embed Pods Frameworks */ = {
			isa = PBXShellScriptBuildPhase;
			buildActionMask = 2147483647;
			files = (
			);
			inputFileListPaths = (
				"${PODS_ROOT}/Target Support Files/Pods-Flix/Pods-Flix-frameworks-${CONFIGURATION}-input-files.xcfilelist",
			);
			name = "[CP] Embed Pods Frameworks";
			outputFileListPaths = (
				"${PODS_ROOT}/Target Support Files/Pods-Flix/Pods-Flix-frameworks-${CONFIGURATION}-output-files.xcfilelist",
			);
			runOnlyForDeploymentPostprocessing = 0;
			shellPath = /bin/sh;
			shellScript = "\"${PODS_ROOT}/Target Support Files/Pods-Flix/Pods-Flix-frameworks.sh\"\n";
			showEnvVarsInLog = 0;
		};
		B26ED42FB9A0D8949520C68D /* [CP] Embed Pods Frameworks */ = {
			isa = PBXShellScriptBuildPhase;
			buildActionMask = 2147483647;
			files = (
			);
			inputFileListPaths = (
				"${PODS_ROOT}/Target Support Files/Pods-Flix-FlixUITests/Pods-Flix-FlixUITests-frameworks-${CONFIGURATION}-input-files.xcfilelist",
			);
			name = "[CP] Embed Pods Frameworks";
			outputFileListPaths = (
				"${PODS_ROOT}/Target Support Files/Pods-Flix-FlixUITests/Pods-Flix-FlixUITests-frameworks-${CONFIGURATION}-output-files.xcfilelist",
			);
			runOnlyForDeploymentPostprocessing = 0;
			shellPath = /bin/sh;
			shellScript = "\"${PODS_ROOT}/Target Support Files/Pods-Flix-FlixUITests/Pods-Flix-FlixUITests-frameworks.sh\"\n";
			showEnvVarsInLog = 0;
		};
/* End PBXShellScriptBuildPhase section */

/* Begin PBXSourcesBuildPhase section */
		695BCDFC27A0A11000C38D08 /* Sources */ = {
			isa = PBXSourcesBuildPhase;
			buildActionMask = 2147483647;
			files = (
				695BCE0827A0A11000C38D08 /* ViewController.swift in Sources */,
				695BCE0427A0A11000C38D08 /* AppDelegate.swift in Sources */,
				695BCE3427A1DABE00C38D08 /* MovieCell.swift in Sources */,
				695BCE0627A0A11000C38D08 /* SceneDelegate.swift in Sources */,
			);
			runOnlyForDeploymentPostprocessing = 0;
		};
		695BCE1227A0A11100C38D08 /* Sources */ = {
			isa = PBXSourcesBuildPhase;
			buildActionMask = 2147483647;
			files = (
				695BCE1B27A0A11100C38D08 /* FlixTests.swift in Sources */,
			);
			runOnlyForDeploymentPostprocessing = 0;
		};
		695BCE1C27A0A11100C38D08 /* Sources */ = {
			isa = PBXSourcesBuildPhase;
			buildActionMask = 2147483647;
			files = (
				695BCE2527A0A11100C38D08 /* FlixUITests.swift in Sources */,
				695BCE2727A0A11100C38D08 /* FlixUITestsLaunchTests.swift in Sources */,
			);
			runOnlyForDeploymentPostprocessing = 0;
		};
/* End PBXSourcesBuildPhase section */

/* Begin PBXTargetDependency section */
		695BCE1827A0A11100C38D08 /* PBXTargetDependency */ = {
			isa = PBXTargetDependency;
			target = 695BCDFF27A0A11000C38D08 /* Flix */;
			targetProxy = 695BCE1727A0A11100C38D08 /* PBXContainerItemProxy */;
		};
		695BCE2227A0A11100C38D08 /* PBXTargetDependency */ = {
			isa = PBXTargetDependency;
			target = 695BCDFF27A0A11000C38D08 /* Flix */;
			targetProxy = 695BCE2127A0A11100C38D08 /* PBXContainerItemProxy */;
		};
/* End PBXTargetDependency section */

/* Begin PBXVariantGroup section */
		695BCE0927A0A11000C38D08 /* Main.storyboard */ = {
			isa = PBXVariantGroup;
			children = (
				695BCE0A27A0A11000C38D08 /* Base */,
			);
			name = Main.storyboard;
			sourceTree = "<group>";
		};
		695BCE0E27A0A11100C38D08 /* LaunchScreen.storyboard */ = {
			isa = PBXVariantGroup;
			children = (
				695BCE0F27A0A11100C38D08 /* Base */,
			);
			name = LaunchScreen.storyboard;
			sourceTree = "<group>";
		};
/* End PBXVariantGroup section */

/* Begin XCBuildConfiguration section */
		695BCE2827A0A11100C38D08 /* Debug */ = {
			isa = XCBuildConfiguration;
			buildSettings = {
				ALWAYS_SEARCH_USER_PATHS = NO;
				CLANG_ANALYZER_NONNULL = YES;
				CLANG_ANALYZER_NUMBER_OBJECT_CONVERSION = YES_AGGRESSIVE;
				CLANG_CXX_LANGUAGE_STANDARD = "gnu++17";
				CLANG_CXX_LIBRARY = "libc++";
				CLANG_ENABLE_MODULES = YES;
				CLANG_ENABLE_OBJC_ARC = YES;
				CLANG_ENABLE_OBJC_WEAK = YES;
				CLANG_WARN_BLOCK_CAPTURE_AUTORELEASING = YES;
				CLANG_WARN_BOOL_CONVERSION = YES;
				CLANG_WARN_COMMA = YES;
				CLANG_WARN_CONSTANT_CONVERSION = YES;
				CLANG_WARN_DEPRECATED_OBJC_IMPLEMENTATIONS = YES;
				CLANG_WARN_DIRECT_OBJC_ISA_USAGE = YES_ERROR;
				CLANG_WARN_DOCUMENTATION_COMMENTS = YES;
				CLANG_WARN_EMPTY_BODY = YES;
				CLANG_WARN_ENUM_CONVERSION = YES;
				CLANG_WARN_INFINITE_RECURSION = YES;
				CLANG_WARN_INT_CONVERSION = YES;
				CLANG_WARN_NON_LITERAL_NULL_CONVERSION = YES;
				CLANG_WARN_OBJC_IMPLICIT_RETAIN_SELF = YES;
				CLANG_WARN_OBJC_LITERAL_CONVERSION = YES;
				CLANG_WARN_OBJC_ROOT_CLASS = YES_ERROR;
				CLANG_WARN_QUOTED_INCLUDE_IN_FRAMEWORK_HEADER = YES;
				CLANG_WARN_RANGE_LOOP_ANALYSIS = YES;
				CLANG_WARN_STRICT_PROTOTYPES = YES;
				CLANG_WARN_SUSPICIOUS_MOVE = YES;
				CLANG_WARN_UNGUARDED_AVAILABILITY = YES_AGGRESSIVE;
				CLANG_WARN_UNREACHABLE_CODE = YES;
				CLANG_WARN__DUPLICATE_METHOD_MATCH = YES;
				COPY_PHASE_STRIP = NO;
				DEBUG_INFORMATION_FORMAT = dwarf;
				ENABLE_STRICT_OBJC_MSGSEND = YES;
				ENABLE_TESTABILITY = YES;
				GCC_C_LANGUAGE_STANDARD = gnu11;
				GCC_DYNAMIC_NO_PIC = NO;
				GCC_NO_COMMON_BLOCKS = YES;
				GCC_OPTIMIZATION_LEVEL = 0;
				GCC_PREPROCESSOR_DEFINITIONS = (
					"DEBUG=1",
					"$(inherited)",
				);
				GCC_WARN_64_TO_32_BIT_CONVERSION = YES;
				GCC_WARN_ABOUT_RETURN_TYPE = YES_ERROR;
				GCC_WARN_UNDECLARED_SELECTOR = YES;
				GCC_WARN_UNINITIALIZED_AUTOS = YES_AGGRESSIVE;
				GCC_WARN_UNUSED_FUNCTION = YES;
				GCC_WARN_UNUSED_VARIABLE = YES;
				IPHONEOS_DEPLOYMENT_TARGET = 15.2;
				MTL_ENABLE_DEBUG_INFO = INCLUDE_SOURCE;
				MTL_FAST_MATH = YES;
				ONLY_ACTIVE_ARCH = YES;
				SDKROOT = iphoneos;
				SWIFT_ACTIVE_COMPILATION_CONDITIONS = DEBUG;
				SWIFT_OPTIMIZATION_LEVEL = "-Onone";
			};
			name = Debug;
		};
		695BCE2927A0A11100C38D08 /* Release */ = {
			isa = XCBuildConfiguration;
			buildSettings = {
				ALWAYS_SEARCH_USER_PATHS = NO;
				CLANG_ANALYZER_NONNULL = YES;
				CLANG_ANALYZER_NUMBER_OBJECT_CONVERSION = YES_AGGRESSIVE;
				CLANG_CXX_LANGUAGE_STANDARD = "gnu++17";
				CLANG_CXX_LIBRARY = "libc++";
				CLANG_ENABLE_MODULES = YES;
				CLANG_ENABLE_OBJC_ARC = YES;
				CLANG_ENABLE_OBJC_WEAK = YES;
				CLANG_WARN_BLOCK_CAPTURE_AUTORELEASING = YES;
				CLANG_WARN_BOOL_CONVERSION = YES;
				CLANG_WARN_COMMA = YES;
				CLANG_WARN_CONSTANT_CONVERSION = YES;
				CLANG_WARN_DEPRECATED_OBJC_IMPLEMENTATIONS = YES;
				CLANG_WARN_DIRECT_OBJC_ISA_USAGE = YES_ERROR;
				CLANG_WARN_DOCUMENTATION_COMMENTS = YES;
				CLANG_WARN_EMPTY_BODY = YES;
				CLANG_WARN_ENUM_CONVERSION = YES;
				CLANG_WARN_INFINITE_RECURSION = YES;
				CLANG_WARN_INT_CONVERSION = YES;
				CLANG_WARN_NON_LITERAL_NULL_CONVERSION = YES;
				CLANG_WARN_OBJC_IMPLICIT_RETAIN_SELF = YES;
				CLANG_WARN_OBJC_LITERAL_CONVERSION = YES;
				CLANG_WARN_OBJC_ROOT_CLASS = YES_ERROR;
				CLANG_WARN_QUOTED_INCLUDE_IN_FRAMEWORK_HEADER = YES;
				CLANG_WARN_RANGE_LOOP_ANALYSIS = YES;
				CLANG_WARN_STRICT_PROTOTYPES = YES;
				CLANG_WARN_SUSPICIOUS_MOVE = YES;
				CLANG_WARN_UNGUARDED_AVAILABILITY = YES_AGGRESSIVE;
				CLANG_WARN_UNREACHABLE_CODE = YES;
				CLANG_WARN__DUPLICATE_METHOD_MATCH = YES;
				COPY_PHASE_STRIP = NO;
				DEBUG_INFORMATION_FORMAT = "dwarf-with-dsym";
				ENABLE_NS_ASSERTIONS = NO;
				ENABLE_STRICT_OBJC_MSGSEND = YES;
				GCC_C_LANGUAGE_STANDARD = gnu11;
				GCC_NO_COMMON_BLOCKS = YES;
				GCC_WARN_64_TO_32_BIT_CONVERSION = YES;
				GCC_WARN_ABOUT_RETURN_TYPE = YES_ERROR;
				GCC_WARN_UNDECLARED_SELECTOR = YES;
				GCC_WARN_UNINITIALIZED_AUTOS = YES_AGGRESSIVE;
				GCC_WARN_UNUSED_FUNCTION = YES;
				GCC_WARN_UNUSED_VARIABLE = YES;
				IPHONEOS_DEPLOYMENT_TARGET = 15.2;
				MTL_ENABLE_DEBUG_INFO = NO;
				MTL_FAST_MATH = YES;
				SDKROOT = iphoneos;
				SWIFT_COMPILATION_MODE = wholemodule;
				SWIFT_OPTIMIZATION_LEVEL = "-O";
				VALIDATE_PRODUCT = YES;
			};
			name = Release;
		};
		695BCE2B27A0A11100C38D08 /* Debug */ = {
			isa = XCBuildConfiguration;
			baseConfigurationReference = 280EEB7493E7C553B45BB6BE /* Pods-Flix.debug.xcconfig */;
			buildSettings = {
				ASSETCATALOG_COMPILER_APPICON_NAME = AppIcon;
				ASSETCATALOG_COMPILER_GLOBAL_ACCENT_COLOR_NAME = AccentColor;
				CODE_SIGN_STYLE = Automatic;
				CURRENT_PROJECT_VERSION = 1;
				GENERATE_INFOPLIST_FILE = YES;
				INFOPLIST_FILE = Flix/Info.plist;
				INFOPLIST_KEY_UIApplicationSupportsIndirectInputEvents = YES;
				INFOPLIST_KEY_UILaunchStoryboardName = LaunchScreen;
				INFOPLIST_KEY_UIMainStoryboardFile = Main;
				INFOPLIST_KEY_UISupportedInterfaceOrientations_iPad = "UIInterfaceOrientationPortrait UIInterfaceOrientationPortraitUpsideDown UIInterfaceOrientationLandscapeLeft UIInterfaceOrientationLandscapeRight";
				INFOPLIST_KEY_UISupportedInterfaceOrientations_iPhone = "UIInterfaceOrientationPortrait UIInterfaceOrientationLandscapeLeft UIInterfaceOrientationLandscapeRight";
				LD_RUNPATH_SEARCH_PATHS = (
					"$(inherited)",
					"@executable_path/Frameworks",
				);
				MARKETING_VERSION = 1.0;
				PRODUCT_BUNDLE_IDENTIFIER = codepath.Flix;
				PRODUCT_NAME = "$(TARGET_NAME)";
				SWIFT_EMIT_LOC_STRINGS = YES;
				SWIFT_VERSION = 5.0;
				TARGETED_DEVICE_FAMILY = "1,2";
			};
			name = Debug;
		};
		695BCE2C27A0A11100C38D08 /* Release */ = {
			isa = XCBuildConfiguration;
			baseConfigurationReference = D119512FFF1BE5DFEC291EF8 /* Pods-Flix.release.xcconfig */;
			buildSettings = {
				ASSETCATALOG_COMPILER_APPICON_NAME = AppIcon;
				ASSETCATALOG_COMPILER_GLOBAL_ACCENT_COLOR_NAME = AccentColor;
				CODE_SIGN_STYLE = Automatic;
				CURRENT_PROJECT_VERSION = 1;
				GENERATE_INFOPLIST_FILE = YES;
				INFOPLIST_FILE = Flix/Info.plist;
				INFOPLIST_KEY_UIApplicationSupportsIndirectInputEvents = YES;
				INFOPLIST_KEY_UILaunchStoryboardName = LaunchScreen;
				INFOPLIST_KEY_UIMainStoryboardFile = Main;
				INFOPLIST_KEY_UISupportedInterfaceOrientations_iPad = "UIInterfaceOrientationPortrait UIInterfaceOrientationPortraitUpsideDown UIInterfaceOrientationLandscapeLeft UIInterfaceOrientationLandscapeRight";
				INFOPLIST_KEY_UISupportedInterfaceOrientations_iPhone = "UIInterfaceOrientationPortrait UIInterfaceOrientationLandscapeLeft UIInterfaceOrientationLandscapeRight";
				LD_RUNPATH_SEARCH_PATHS = (
					"$(inherited)",
					"@executable_path/Frameworks",
				);
				MARKETING_VERSION = 1.0;
				PRODUCT_BUNDLE_IDENTIFIER = codepath.Flix;
				PRODUCT_NAME = "$(TARGET_NAME)";
				SWIFT_EMIT_LOC_STRINGS = YES;
				SWIFT_VERSION = 5.0;
				TARGETED_DEVICE_FAMILY = "1,2";
			};
			name = Release;
		};
		695BCE2E27A0A11100C38D08 /* Debug */ = {
			isa = XCBuildConfiguration;
			baseConfigurationReference = 401BCFE0C797BCC8D9982578 /* Pods-FlixTests.debug.xcconfig */;
			buildSettings = {
				ALWAYS_EMBED_SWIFT_STANDARD_LIBRARIES = YES;
				BUNDLE_LOADER = "$(TEST_HOST)";
				CODE_SIGN_STYLE = Automatic;
				CURRENT_PROJECT_VERSION = 1;
				GENERATE_INFOPLIST_FILE = YES;
				IPHONEOS_DEPLOYMENT_TARGET = 15.2;
				MARKETING_VERSION = 1.0;
				PRODUCT_BUNDLE_IDENTIFIER = codepath.FlixTests;
				PRODUCT_NAME = "$(TARGET_NAME)";
				SWIFT_EMIT_LOC_STRINGS = NO;
				SWIFT_VERSION = 5.0;
				TARGETED_DEVICE_FAMILY = "1,2";
				TEST_HOST = "$(BUILT_PRODUCTS_DIR)/Flix.app/Flix";
			};
			name = Debug;
		};
		695BCE2F27A0A11100C38D08 /* Release */ = {
			isa = XCBuildConfiguration;
			baseConfigurationReference = BEA741CE71B579A253DAA54B /* Pods-FlixTests.release.xcconfig */;
			buildSettings = {
				ALWAYS_EMBED_SWIFT_STANDARD_LIBRARIES = YES;
				BUNDLE_LOADER = "$(TEST_HOST)";
				CODE_SIGN_STYLE = Automatic;
				CURRENT_PROJECT_VERSION = 1;
				GENERATE_INFOPLIST_FILE = YES;
				IPHONEOS_DEPLOYMENT_TARGET = 15.2;
				MARKETING_VERSION = 1.0;
				PRODUCT_BUNDLE_IDENTIFIER = codepath.FlixTests;
				PRODUCT_NAME = "$(TARGET_NAME)";
				SWIFT_EMIT_LOC_STRINGS = NO;
				SWIFT_VERSION = 5.0;
				TARGETED_DEVICE_FAMILY = "1,2";
				TEST_HOST = "$(BUILT_PRODUCTS_DIR)/Flix.app/Flix";
			};
			name = Release;
		};
		695BCE3127A0A11100C38D08 /* Debug */ = {
			isa = XCBuildConfiguration;
			baseConfigurationReference = ACC4D9A1146D3C6ACB1C44DC /* Pods-Flix-FlixUITests.debug.xcconfig */;
			buildSettings = {
				ALWAYS_EMBED_SWIFT_STANDARD_LIBRARIES = YES;
				CODE_SIGN_STYLE = Automatic;
				CURRENT_PROJECT_VERSION = 1;
				GENERATE_INFOPLIST_FILE = YES;
				MARKETING_VERSION = 1.0;
				PRODUCT_BUNDLE_IDENTIFIER = codepath.FlixUITests;
				PRODUCT_NAME = "$(TARGET_NAME)";
				SWIFT_EMIT_LOC_STRINGS = NO;
				SWIFT_VERSION = 5.0;
				TARGETED_DEVICE_FAMILY = "1,2";
				TEST_TARGET_NAME = Flix;
			};
			name = Debug;
		};
		695BCE3227A0A11100C38D08 /* Release */ = {
			isa = XCBuildConfiguration;
			baseConfigurationReference = 328C204F8A6C04D9621781BA /* Pods-Flix-FlixUITests.release.xcconfig */;
			buildSettings = {
				ALWAYS_EMBED_SWIFT_STANDARD_LIBRARIES = YES;
				CODE_SIGN_STYLE = Automatic;
				CURRENT_PROJECT_VERSION = 1;
				GENERATE_INFOPLIST_FILE = YES;
				MARKETING_VERSION = 1.0;
				PRODUCT_BUNDLE_IDENTIFIER = codepath.FlixUITests;
				PRODUCT_NAME = "$(TARGET_NAME)";
				SWIFT_EMIT_LOC_STRINGS = NO;
				SWIFT_VERSION = 5.0;
				TARGETED_DEVICE_FAMILY = "1,2";
				TEST_TARGET_NAME = Flix;
			};
			name = Release;
		};
/* End XCBuildConfiguration section */

/* Begin XCConfigurationList section */
		695BCDFB27A0A11000C38D08 /* Build configuration list for PBXProject "Flix" */ = {
			isa = XCConfigurationList;
			buildConfigurations = (
				695BCE2827A0A11100C38D08 /* Debug */,
				695BCE2927A0A11100C38D08 /* Release */,
			);
			defaultConfigurationIsVisible = 0;
			defaultConfigurationName = Release;
		};
		695BCE2A27A0A11100C38D08 /* Build configuration list for PBXNativeTarget "Flix" */ = {
			isa = XCConfigurationList;
			buildConfigurations = (
				695BCE2B27A0A11100C38D08 /* Debug */,
				695BCE2C27A0A11100C38D08 /* Release */,
			);
			defaultConfigurationIsVisible = 0;
			defaultConfigurationName = Release;
		};
		695BCE2D27A0A11100C38D08 /* Build configuration list for PBXNativeTarget "FlixTests" */ = {
			isa = XCConfigurationList;
			buildConfigurations = (
				695BCE2E27A0A11100C38D08 /* Debug */,
				695BCE2F27A0A11100C38D08 /* Release */,
			);
			defaultConfigurationIsVisible = 0;
			defaultConfigurationName = Release;
		};
		695BCE3027A0A11100C38D08 /* Build configuration list for PBXNativeTarget "FlixUITests" */ = {
			isa = XCConfigurationList;
			buildConfigurations = (
				695BCE3127A0A11100C38D08 /* Debug */,
				695BCE3227A0A11100C38D08 /* Release */,
			);
			defaultConfigurationIsVisible = 0;
			defaultConfigurationName = Release;
		};
/* End XCConfigurationList section */

/* Begin XCRemoteSwiftPackageReference section */
		695BCE3527A1E46900C38D08 /* XCRemoteSwiftPackageReference "AlamofireImage" */ = {
			isa = XCRemoteSwiftPackageReference;
			repositoryURL = "https://github.com/Alamofire/AlamofireImage";
			requirement = {
				kind = upToNextMajorVersion;
				minimumVersion = 4.0.0;
			};
		};
/* End XCRemoteSwiftPackageReference section */

/* Begin XCSwiftPackageProductDependency section */
		695BCE3627A1E46900C38D08 /* AlamofireImage */ = {
			isa = XCSwiftPackageProductDependency;
			package = 695BCE3527A1E46900C38D08 /* XCRemoteSwiftPackageReference "AlamofireImage" */;
			productName = AlamofireImage;
		};
/* End XCSwiftPackageProductDependency section */
	};
	rootObject = 695BCDF827A0A11000C38D08 /* Project object */;
}
